
Microsoft Visual Studio Solution File, Format Version 12.00
# Visual Studio 14
VisualStudioVersion = 14.0.25420.1
MinimumVisualStudioVersion = 10.0.40219.1
Project("{FAE04EC0-301F-11D3-BF4B-00C04F79EFBC}") = "12_Aksarlian_CobrarBeca", "12_Aksarlian_CobrarBeca\12_Aksarlian_CobrarBeca.csproj", "{1916E3BC-3BB8-4F91-8A64-F3150D90F5F0}"
EndProject
Global
	GlobalSection(SolutionConfigurationPlatforms) = preSolution
		Debug|Any CPU = Debug|Any CPU
		Release|Any CPU = Release|Any CPU
	EndGlobalSection
	GlobalSection(ProjectConfigurationPlatforms) = postSolution
		{1916E3BC-3BB8-4F91-8A64-F3150D90F5F0}.Debug|Any CPU.ActiveCfg = Debug|Any CPU
		{1916E3BC-3BB8-4F91-8A64-F3150D90F5F0}.Debug|Any CPU.Build.0 = Debug|Any CPU
		{1916E3BC-3BB8-4F91-8A64-F3150D90F5F0}.Release|Any CPU.ActiveCfg = Release|Any CPU
		{1916E3BC-3BB8-4F91-8A64-F3150D90F5F0}.Release|Any CPU.Build.0 = Release|Any CPU
	EndGlobalSection
	GlobalSection(SolutionProperties) = preSolution
		HideSolutionNode = FALSE
	EndGlobalSection
EndGlobal
