
Microsoft Visual Studio Solution File, Format Version 12.00
# Visual Studio 14
VisualStudioVersion = 14.0.25420.1
MinimumVisualStudioVersion = 10.0.40219.1
Project("{FAE04EC0-301F-11D3-BF4B-00C04F79EFBC}") = "14_Aksarlian_Cumplidos", "14_Aksarlian_Cumplidos\14_Aksarlian_Cumplidos.csproj", "{DAFD95C5-335A-469A-8D23-4A30EEAE5ECF}"
EndProject
Global
	GlobalSection(SolutionConfigurationPlatforms) = preSolution
		Debug|Any CPU = Debug|Any CPU
		Release|Any CPU = Release|Any CPU
	EndGlobalSection
	GlobalSection(ProjectConfigurationPlatforms) = postSolution
		{DAFD95C5-335A-469A-8D23-4A30EEAE5ECF}.Debug|Any CPU.ActiveCfg = Debug|Any CPU
		{DAFD95C5-335A-469A-8D23-4A30EEAE5ECF}.Debug|Any CPU.Build.0 = Debug|Any CPU
		{DAFD95C5-335A-469A-8D23-4A30EEAE5ECF}.Release|Any CPU.ActiveCfg = Release|Any CPU
		{DAFD95C5-335A-469A-8D23-4A30EEAE5ECF}.Release|Any CPU.Build.0 = Release|Any CPU
	EndGlobalSection
	GlobalSection(SolutionProperties) = preSolution
		HideSolutionNode = FALSE
	EndGlobalSection
EndGlobal
